{
  "version": "3",
  "remote": {
    "https://edge.netlify.com/": "ff84a16f192fdb43db8b9dff869889f555c05857d075044d2a7cfa54c283a0a0",
    "https://edge.netlify.com/bootstrap/config.ts": "0aa0a225d978b89e0e62cbd853701605199e7a84095e55eeb70147faf1a24803",
    "https://edge.netlify.com/bootstrap/context.ts": "f8392d0bfc4a345f0508157a9ed1a8b0ac832275e5ae6fe9301a8268fbfeb0b5",
    "https://edge.netlify.com/bootstrap/cookie.ts": "8b0baae708989ca183c6f3b4ab3d029e6abcbc2e43f93edeb0ff447b3bbc3a05",
    "https://edge.netlify.com/bootstrap/edge_function.ts": "b8253e86aa83c67341f5cfedeba5049d77fbf84dcab7eceff7566b7728ae9b39",
    "https://edge.netlify.com/bootstrap/globals.ts": "38f9e0be6c2c78206bf14d2387d41964d38bbe81644b3668e203c6f6473408a7"
  },
  "workspace": {
    "packageJson": {
      "dependencies": [
        "npm:@astrojs/check@^0.7.0",
        "npm:@astrojs/rss@^4.0.6",
        "npm:@astrojs/sitemap@^3.1.6",
        "npm:@astrojs/svelte@^5.6.0",
        "npm:@astrojs/tailwind@^5.1.0",
        "npm:@astrojs/ts-plugin@^1.8.0",
        "npm:@biomejs/biome@1.8.2",
        "npm:@fontsource-variable/jetbrains-mono@^5.0.21",
        "npm:@fontsource/roboto@^5.0.13",
        "npm:@iconify-json/fa6-brands@^1.1.19",
        "npm:@iconify-json/fa6-regular@^1.1.19",
        "npm:@iconify-json/fa6-solid@^1.1.21",
        "npm:@iconify-json/material-symbols@^1.1.82",
        "npm:@iconify/svelte@^4.0.2",
        "npm:@rollup/plugin-yaml@^4.1.2",
        "npm:@swup/astro@^1.4.1",
        "npm:@tailwindcss/typography@^0.5.13",
        "npm:@types/markdown-it@^14.1.1",
        "npm:@types/mdast@^4.0.4",
        "npm:@types/sanitize-html@^2.11.0",
        "npm:astro-compress@^2.2.28",
        "npm:astro-icon@1.1.0",
        "npm:astro@^4.11.3",
        "npm:colorjs.io@^0.5.0",
        "npm:hastscript@^9.0.0",
        "npm:markdown-it@^14.1.0",
        "npm:mdast-util-to-string@^4.0.0",
        "npm:overlayscrollbars@^2.8.3",
        "npm:pagefind@^1.1.0",
        "npm:reading-time@^1.5.0",
        "npm:rehype-autolink-headings@^7.1.0",
        "npm:rehype-components@^0.3.0",
        "npm:rehype-katex@^7.0.0",
        "npm:rehype-slug@^6.0.0",
        "npm:remark-directive-rehype@^0.4.2",
        "npm:remark-directive@^3.0.0",
        "npm:remark-github-admonitions-to-directives@^1.0.5",
        "npm:remark-math@^6.0.0",
        "npm:sanitize-html@^2.13.0",
        "npm:sass@^1.77.6",
        "npm:sharp@^0.33.4",
        "npm:stylus@^0.63.0",
        "npm:svelte@^4.2.18",
        "npm:tailwindcss@^3.4.4",
        "npm:typescript@^5.5.2",
        "npm:unist-util-visit@^5.0.0"
      ]
    }
  }
}
